
Microsoft Visual Studio Solution File, Format Version 12.00
# Visual Studio Version 17
VisualStudioVersion = 17.6.33815.320
MinimumVisualStudioVersion = 10.0.40219.1
Project("{8BC9CEB8-8B4A-11D0-8D11-00A0C91BC942}") = "Hallo_SFML", "Hallo_SFML\Hallo_SFML.vcxproj", "{0880BCD0-7F65-4E58-81DF-AF1E6BBA86D8}"
EndProject
Global
	GlobalSection(SolutionConfigurationPlatforms) = preSolution
		Debug|x64 = Debug|x64
		Debug|x86 = Debug|x86
		Release|x64 = Release|x64
		Release|x86 = Release|x86
	EndGlobalSection
	GlobalSection(ProjectConfigurationPlatforms) = postSolution
		{0880BCD0-7F65-4E58-81DF-AF1E6BBA86D8}.Debug|x64.ActiveCfg = Debug|x64
		{0880BCD0-7F65-4E58-81DF-AF1E6BBA86D8}.Debug|x64.Build.0 = Debug|x64
		{0880BCD0-7F65-4E58-81DF-AF1E6BBA86D8}.Debug|x86.ActiveCfg = Debug|Win32
		{0880BCD0-7F65-4E58-81DF-AF1E6BBA86D8}.Debug|x86.Build.0 = Debug|Win32
		{0880BCD0-7F65-4E58-81DF-AF1E6BBA86D8}.Release|x64.ActiveCfg = Release|x64
		{0880BCD0-7F65-4E58-81DF-AF1E6BBA86D8}.Release|x64.Build.0 = Release|x64
		{0880BCD0-7F65-4E58-81DF-AF1E6BBA86D8}.Release|x86.ActiveCfg = Release|Win32
		{0880BCD0-7F65-4E58-81DF-AF1E6BBA86D8}.Release|x86.Build.0 = Release|Win32
	EndGlobalSection
	GlobalSection(SolutionProperties) = preSolution
		HideSolutionNode = FALSE
	EndGlobalSection
	GlobalSection(ExtensibilityGlobals) = postSolution
		SolutionGuid = {DF8AA318-D934-4EFB-A4D0-9B1833DC5FA5}
	EndGlobalSection
EndGlobal
